
Microsoft Visual Studio Solution File, Format Version 11.00
# Visual C++ Express 2010
Project("{8BC9CEB8-8B4A-11D0-8D11-00A0C91BC942}") = "vcam_vs_2010", "vcam_vs_2010\vcam_vs_2010.vcxproj", "{BE657D45-8F6A-461D-B019-8E57FE305329}"
EndProject
Global
	GlobalSection(SolutionConfigurationPlatforms) = preSolution
		Debug|Win32 = Debug|Win32
		Release|Win32 = Release|Win32
	EndGlobalSection
	GlobalSection(ProjectConfigurationPlatforms) = postSolution
		{BE657D45-8F6A-461D-B019-8E57FE305329}.Debug|Win32.ActiveCfg = Debug|Win32
		{BE657D45-8F6A-461D-B019-8E57FE305329}.Debug|Win32.Build.0 = Debug|Win32
		{BE657D45-8F6A-461D-B019-8E57FE305329}.Release|Win32.ActiveCfg = Release|Win32
		{BE657D45-8F6A-461D-B019-8E57FE305329}.Release|Win32.Build.0 = Release|Win32
	EndGlobalSection
	GlobalSection(SolutionProperties) = preSolution
		HideSolutionNode = FALSE
	EndGlobalSection
EndGlobal
